# THIS IS AN AUTOGENERATED FILE. DO NOT EDIT THIS FILE DIRECTLY.
# yarn lockfile v1


axios-oauth-client@^1.2.1:
  version "1.2.1"
  resolved "https://registry.yarnpkg.com/axios-oauth-client/-/axios-oauth-client-1.2.1.tgz#503041a0da65927cea5ec90cc8fb83fb94c691b1"
  integrity sha512-Fbg4I68R4KxBDlEUQPKNXEZtbZs3xfL98Tr5r3Xcl7LKvHJssg1v2KKnQ3QARCp+FK1IsOymXvHluPaQZBL10w==
  dependencies:
    qs "^6.8.0"

now@^16.5.2:
  version "16.5.2"
  resolved "https://registry.yarnpkg.com/now/-/now-16.5.2.tgz#0c19c2d1197dcd2aed2dc08fd9610383fcea96a7"
  integrity sha512-Pv8HMpeTaiLLoNh93Poy5GbiM0oc/CPo1ZXa+o70Nd/ospRaLg7gaFtpZH+My/vS9+xWTDq7hmHjXPCXPtD/pg==

qs@^6.8.0:
  version "6.9.1"
  resolved "https://registry.yarnpkg.com/qs/-/qs-6.9.1.tgz#20082c65cb78223635ab1a9eaca8875a29bf8ec9"
  integrity sha512-Cxm7/SS/y/Z3MHWSxXb8lIFqgqBowP5JMlTUFyJN88y0SGQhVmZnqFK/PeuMX9LzUyWsqqhNxIyg0jlzq946yA==
